{
  "object": {
    "pins": [
      {
        "package": "Sliders",
        "repositoryURL": "https://github.com/SwiftUIExtensions/Sliders.git",
        "state": {
          "branch": null,
          "revision": "9e1efd9bb8c961df8c462b0215bf360433e612d0",
          "version": "1.0.0"
        }
      }
    ]
  },
  "version": 1
}
